
Microsoft Visual Studio Solution File, Format Version 12.00
# Visual Studio Version 16
VisualStudioVersion = 16.0.30114.105
MinimumVisualStudioVersion = 10.0.40219.1
Project("{9A19103F-16F7-4668-BE54-9A1E7A4F7556}") = "IqraCommerce.API", "IqraCommerce.API.csproj", "{E93A983F-A3C3-4821-949F-5F6BDBDD7C84}"
EndProject
Global
	GlobalSection(SolutionConfigurationPlatforms) = preSolution
		Debug|Any CPU = Debug|Any CPU
		Debug|x64 = Debug|x64
		Debug|x86 = Debug|x86
		Release|Any CPU = Release|Any CPU
		Release|x64 = Release|x64
		Release|x86 = Release|x86
	EndGlobalSection
	GlobalSection(ProjectConfigurationPlatforms) = postSolution
		{E93A983F-A3C3-4821-949F-5F6BDBDD7C84}.Debug|Any CPU.ActiveCfg = Debug|Any CPU
		{E93A983F-A3C3-4821-949F-5F6BDBDD7C84}.Debug|Any CPU.Build.0 = Debug|Any CPU
		{E93A983F-A3C3-4821-949F-5F6BDBDD7C84}.Debug|x64.ActiveCfg = Debug|Any CPU
		{E93A983F-A3C3-4821-949F-5F6BDBDD7C84}.Debug|x64.Build.0 = Debug|Any CPU
		{E93A983F-A3C3-4821-949F-5F6BDBDD7C84}.Debug|x86.ActiveCfg = Debug|Any CPU
		{E93A983F-A3C3-4821-949F-5F6BDBDD7C84}.Debug|x86.Build.0 = Debug|Any CPU
		{E93A983F-A3C3-4821-949F-5F6BDBDD7C84}.Release|Any CPU.ActiveCfg = Release|Any CPU
		{E93A983F-A3C3-4821-949F-5F6BDBDD7C84}.Release|Any CPU.Build.0 = Release|Any CPU
		{E93A983F-A3C3-4821-949F-5F6BDBDD7C84}.Release|x64.ActiveCfg = Release|Any CPU
		{E93A983F-A3C3-4821-949F-5F6BDBDD7C84}.Release|x64.Build.0 = Release|Any CPU
		{E93A983F-A3C3-4821-949F-5F6BDBDD7C84}.Release|x86.ActiveCfg = Release|Any CPU
		{E93A983F-A3C3-4821-949F-5F6BDBDD7C84}.Release|x86.Build.0 = Release|Any CPU
	EndGlobalSection
	GlobalSection(SolutionProperties) = preSolution
		HideSolutionNode = FALSE
	EndGlobalSection
	GlobalSection(ExtensibilityGlobals) = postSolution
		SolutionGuid = {ED1AD076-A139-4708-842F-948B78FEAB69}
	EndGlobalSection
EndGlobal
